{
  "name": "testadd",
  "version": "1.0.0",
  "lockfileVersion": 1,
  "requires": true,
  "dependencies": {
    "child-process": {
      "version": "1.0.2",
      "resolved": "https://registry.npmjs.org/child-process/-/child-process-1.0.2.tgz",
      "integrity": "sha512-e45+JmjvkV2XQsJ9rUJghiYJ7/9Uk8fyYi1UwfP071VmGKBu/oD1OIwuD0+jSwjMtQkV0a0FVpPTEW+XGlbSdw=="
    },
    "fs": {
      "version": "0.0.1-security",
      "resolved": "https://registry.npmjs.org/fs/-/fs-0.0.1-security.tgz",
      "integrity": "sha512-3XY9e1pP0CVEUCdj5BmfIZxRBTSDycnbqhIOGec9QYtmVH2fbLpj86CFWkrNOkt/Fvty4KZG5lTglL9j/gJ87w=="
    }
  }
}
